github.com/atotto/clipboard v0.1.4 h1:EH0zSVneZPSuFR11BlR9YppQTVDbh5+16AmcJi4g1z4=
github.com/atotto/clipboard v0.1.4/go.mod h1:ZY9tmq7sm5xIbd9bOK4onWV4S6X0u6GY7Vn0Yu86PYI=
github.com/aws/aws-sdk-go-v2 v1.16.6/go.mod h1:6CpKuLXg2w7If3ABZCl/qZ6rEgwtjZTn4eAf4RcEyuw=
github.com/aws/aws-sdk-go-v2 v1.16.7 h1:zfBwXus3u14OszRxGcqCDS4MfMCv10e8SMJ2r8Xm0Ns=
github.com/aws/aws-sdk-go-v2 v1.16.7/go.mod h1:6CpKuLXg2w7If3ABZCl/qZ6rEgwtjZTn4eAf4RcEyuw=
github.com/aws/aws-sdk-go-v2/config v1.15.12 h1:D4mdf0cOSmZRgJe0DDOd1Qm6tkwHJ7r5i1lz0asa+AA=
github.com/aws/aws-sdk-go-v2/config v1.15.12/go.mod h1:oxRNnH11J580bxDEXyfTqfB3Auo2fxzhV052LD4HnyA=
github.com/aws/aws-sdk-go-v2/credentials v1.12.7 h1:e2DcCR0gP+T2zVj5eQPMQoRdxo+vd2p9BkpJ72BdyzA=
github.com/aws/aws-sdk-go-v2/credentials v1.12.7/go.mod h1:8b1nSHdDaKLho9VEK+K8WivifA/2K5pPm4sfI21NlQ8=
github.com/aws/aws-sdk-go-v2/feature/ec2/imds v1.12.7 h1:8yi2ORCwXpXEPnj0vP3DjYhejwDQD/5klgBoxXcKOxY=
github.com/aws/aws-sdk-go-v2/feature/ec2/imds v1.12.7/go.mod h1:81k6q0UUZj6AdQZ1E/VQ27cLrTUpJGraZR6/hVHRxjE=
github.com/aws/aws-sdk-go-v2/internal/configsources v1.1.13 h1:WuQ1yGs3TMJgxpGVLspcsU/5q1omSA0SG6Cu0yZ4jkM=
github.com/aws/aws-sdk-go-v2/internal/configsources v1.1.13/go.mod h1:wLLesU+LdMZDM3U0PP9vZXJW39zmD/7L4nY2pSrYZ/g=
github.com/aws/aws-sdk-go-v2/internal/endpoints/v2 v2.4.7 h1:mCeDDYeDXp3loo/xKi7nkx34eeh7q3n1mUBtzptsj8c=
github.com/aws/aws-sdk-go-v2/internal/endpoints/v2 v2.4.7/go.mod h1:93Uot80ddyVzSl//xEJreNKMhxntr71WtR3v/A1cRYk=
github.com/aws/aws-sdk-go-v2/internal/ini v1.3.14 h1:bJv4Y9QOiW0GZPStgLgpGrpdfRDSR3XM4V4M3YCQRZo=
github.com/aws/aws-sdk-go-v2/internal/ini v1.3.14/go.mod h1:R1HF8ZDdcRFfAGF+13En4LSHi2IrrNuPQCaxgWCeGyY=
github.com/aws/aws-sdk-go-v2/service/internal/presigned-url v1.9.7 h1:M7/BzQNsu0XXiJRe3gUn8UA8tExF6kLMAfvo5PT/KJY=
github.com/aws/aws-sdk-go-v2/service/internal/presigned-url v1.9.7/go.mod h1:HvVdEh/x4jsPBsjNvDy+MH3CDCPy4gTZEzFe2r4uJY8=
github.com/aws/aws-sdk-go-v2/service/route53 v1.21.2 h1:t7yn/jSMOVFAlCpJqFzivixMRPI/MySAcD0LhXdjbf4=
github.com/aws/aws-sdk-go-v2/service/route53 v1.21.2/go.mod h1:ZBOkwr2JviKbUwZjhaUjQFaIbSx9XL0pQxNHaCqlMAU=
github.com/aws/aws-sdk-go-v2/service/sso v1.11.10 h1:icon5WWg9Yg5nkB0pJF6bfKw6M0xozukeGKSNKtnqzw=
github.com/aws/aws-sdk-go-v2/service/sso v1.11.10/go.mod h1:UHxA35uPrCykRySBV5iSPZhZRlYnWSS2c/aaZVsoU94=
github.com/aws/aws-sdk-go-v2/service/sts v1.16.8 h1:GLGfpqX+1bmjNvUJkwB1ZaDpNFXQwJ3z9RkQDA58OBY=
github.com/aws/aws-sdk-go-v2/service/sts v1.16.8/go.mod h1:50YdFq1WIuxA0AGrygvYGucnNYrG24WYzu5fNp7lMgY=
github.com/aws/smithy-go v1.12.0 h1:gXpeZel/jPoWQ7OEmLIgCUnhkFftqNfwWUwAHSlp1v0=
github.com/aws/smithy-go v1.12.0/go.mod h1:Tg+OJXh4MB2R/uN61Ko2f6hTZwB/ZYGOtib8J3gBHzA=
github.com/charmbracelet/bubbles v0.12.0 h1:fxb9U9yI60Hek3tcPmMTFya5NhvPrqpkpyMaNngFh7A=
github.com/charmbracelet/bubbles v0.12.0/go.mod h1:bbeTiXwPww4M031aGi8UK2HT9RDWoiNibae+1yCMtcc=
github.com/charmbracelet/bubbletea v0.21.0/go.mod h1:GgmJMec61d08zXsOhqRC/AiOx4K4pmz+VIcRIm1FKr4=
github.com/charmbracelet/bubbletea v0.22.0 h1:E1BTNSE3iIrq0G0X6TjGAmrQ32cGCbFDPcIuImikrUc=
github.com/charmbracelet/bubbletea v0.22.0/go.mod h1:aoVIwlNlr5wbCB26KhxfrqAn0bMp4YpJcoOelbxApjs=
github.com/charmbracelet/harmonica v0.2.0/go.mod h1:KSri/1RMQOZLbw7AHqgcBycp8pgJnQMYYT8QZRqZ1Ao=
github.com/charmbracelet/lipgloss v0.5.0 h1:lulQHuVeodSgDez+3rGiuxlPVXSnhth442DATR2/8t8=
github.com/charmbracelet/lipgloss v0.5.0/go.mod h1:EZLha/HbzEt7cYqdFPovlqy5FZPj0xFhg5SaqxScmgs=
github.com/containerd/console v1.0.3 h1:lIr7SlA5PxZyMV30bDW0MGbiOPXwc63yRuCP0ARubLw=
github.com/containerd/console v1.0.3/go.mod h1:7LqA/THxQ86k76b8c/EMSiaJ3h1eZkMkXar0TQ1gf3U=
github.com/cpuguy83/go-md2man/v2 v2.0.2/go.mod h1:tgQtvFlXSQOSOSIRvRPT7W67SCa46tRHOmNcaadrF8o=
github.com/davecgh/go-spew v1.1.0 h1:ZDRjVQ15GmhC3fiQ8ni8+OwkZQO4DARzQgrnXU1Liz8=
github.com/davecgh/go-spew v1.1.0/go.mod h1:J7Y8YcW2NihsgmVo/mv3lAwl/skON4iLHjSsI+c5H38=
github.com/google/go-cmp v0.5.8 h1:e6P7q2lk1O+qJJb4BtCQXlK8vWEO8V1ZeuEdJNOqZyg=
github.com/google/go-cmp v0.5.8/go.mod h1:17dUlkBOakJ0+DkrSSNjCkIjxS6bF9zb3elmeNGIjoY=
github.com/inconshreveable/mousetrap v1.0.0 h1:Z8tu5sraLXCXIcARxBp/8cbvlwVa7Z1NHg9XEKhtSvM=
github.com/inconshreveable/mousetrap v1.0.0/go.mod h1:PxqpIevigyE2G7u3NXJIT2ANytuPF1OarO4DADm73n8=
github.com/jmespath/go-jmespath v0.4.0 h1:BEgLn5cpjn8UN1mAw4NjwDrS35OdebyEtFe+9YPoQUg=
github.com/jmespath/go-jmespath v0.4.0/go.mod h1:T8mJZnbsbmF+m6zOOFylbeCJqk5+pHWvzYPziyZiYoo=
github.com/jmespath/go-jmespath/internal/testify v1.5.1 h1:shLQSRRSCCPj3f2gpwzGwWFoC7ycTf1rcQZHOlsJ6N8=
github.com/jmespath/go-jmespath/internal/testify v1.5.1/go.mod h1:L3OGu8Wl2/fWfCI6z80xFu9LTZmf1ZRjMHUOPmWr69U=
github.com/kylelemons/godebug v1.1.0 h1:RPNrshWIDI6G2gRW9EHilWtl7Z6Sb1BR0xunSBf0SNc=
github.com/kylelemons/godebug v1.1.0/go.mod h1:9/0rRGxNHcop5bhtWyNeEfOS8JIWk580+fNqagV/RAw=
github.com/lucasb-eyer/go-colorful v1.2.0 h1:1nnpGOrhyZZuNyfu1QjKiUICQ74+3FNCN69Aj6K7nkY=
github.com/lucasb-eyer/go-colorful v1.2.0/go.mod h1:R4dSotOR9KMtayYi1e77YzuveK+i7ruzyGqttikkLy0=
github.com/mattn/go-isatty v0.0.14 h1:yVuAays6BHfxijgZPzw+3Zlu5yQgKGP2/hcQbHb7S9Y=
github.com/mattn/go-isatty v0.0.14/go.mod h1:7GGIvUiUoEMVVmxf/4nioHXj79iQHKdU27kJ6hsGG94=
github.com/mattn/go-runewidth v0.0.10/go.mod h1:RAqKPSqVFrSLVXbA8x7dzmKdmGzieGRCM46jaSJTDAk=
github.com/mattn/go-runewidth v0.0.12/go.mod h1:RAqKPSqVFrSLVXbA8x7dzmKdmGzieGRCM46jaSJTDAk=
github.com/mattn/go-runewidth v0.0.13 h1:lTGmDsbAYt5DmK6OnoV7EuIF1wEIFAcxld6ypU4OSgU=
github.com/mattn/go-runewidth v0.0.13/go.mod h1:Jdepj2loyihRzMpdS35Xk/zdY8IAYHsh153qUoGf23w=
github.com/muesli/ansi v0.0.0-20211018074035-2e021307bc4b h1:1XF24mVaiu7u+CFywTdcDo2ie1pzzhwjt6RHqzpMU34=
github.com/muesli/ansi v0.0.0-20211018074035-2e021307bc4b/go.mod h1:fQuZ0gauxyBcmsdE3ZT4NasjaRdxmbCS0jRHsrWu3Ho=
github.com/muesli/cancelreader v0.2.0/go.mod h1:3XuTXfFS2VjM+HTLZY9Ak0l6eUKfijIfMUZ4EgX0QYo=
github.com/muesli/cancelreader v0.2.1 h1:Xzd1B4U5bWQOuSKuN398MyynIGTNT89dxzpEDsalXZs=
github.com/muesli/cancelreader v0.2.1/go.mod h1:3XuTXfFS2VjM+HTLZY9Ak0l6eUKfijIfMUZ4EgX0QYo=
github.com/muesli/mango v0.1.0 h1:DZQK45d2gGbql1arsYA4vfg4d7I9Hfx5rX/GCmzsAvI=
github.com/muesli/mango v0.1.0/go.mod h1:5XFpbC8jY5UUv89YQciiXNlbi+iJgt29VDC5xbzrLL4=
github.com/muesli/mango-cobra v1.2.0 h1:DQvjzAM0PMZr85Iv9LIMaYISpTOliMEg+uMFtNbYvWg=
github.com/muesli/mango-cobra v1.2.0/go.mod h1:vMJL54QytZAJhCT13LPVDfkvCUJ5/4jNUKF/8NC2UjA=
github.com/muesli/mango-pflag v0.1.0 h1:UADqbYgpUyRoBja3g6LUL+3LErjpsOwaC9ywvBWe7Sg=
github.com/muesli/mango-pflag v0.1.0/go.mod h1:YEQomTxaCUp8PrbhFh10UfbhbQrM/xJ4i2PB8VTLLW0=
github.com/muesli/reflow v0.2.1-0.20210115123740-9e1d0d53df68/go.mod h1:Xk+z4oIWdQqJzsxyjgl3P22oYZnHdZ8FFTHAQQt5BMQ=
github.com/muesli/reflow v0.3.0 h1:IFsN6K9NfGtjeggFP+68I4chLZV2yIKsXJFNZ+eWh6s=
github.com/muesli/reflow v0.3.0/go.mod h1:pbwTDkVPibjO2kyvBQRBxTWEEGDGq0FlB1BIKtnHY/8=
github.com/muesli/roff v0.1.0 h1:YD0lalCotmYuF5HhZliKWlIx7IEhiXeSfq7hNjFqGF8=
github.com/muesli/roff v0.1.0/go.mod h1:pjAHQM9hdUUwm/krAfrLGgJkXJ+YuhtsfZ42kieB2Ig=
github.com/muesli/termenv v0.11.1-0.20220204035834-5ac8409525e0/go.mod h1:Bd5NYQ7pd+SrtBSrSNoBBmXlcY8+Xj4BMJgh8qcZrvs=
github.com/muesli/termenv v0.11.1-0.20220212125758-44cd13922739 h1:QANkGiGr39l1EESqrE0gZw0/AJNYzIvoGLhIoVYtluI=
github.com/muesli/termenv v0.11.1-0.20220212125758-44cd13922739/go.mod h1:Bd5NYQ7pd+SrtBSrSNoBBmXlcY8+Xj4BMJgh8qcZrvs=
github.com/pmezard/go-difflib v1.0.0 h1:4DBwDE0NGyQoBHbLQYPwSUPoCMWR5BEzIk/f1lZbAQM=
github.com/pmezard/go-difflib v1.0.0/go.mod h1:iKH77koFhYxTK1pcRnkKkqfTogsbg7gZNVY4sRDYZ/4=
github.com/rivo/uniseg v0.1.0/go.mod h1:J6wj4VEh+S6ZtnVlnTBMWIodfgj8LQOQFoIToxlJtxc=
github.com/rivo/uniseg v0.2.0 h1:S1pD9weZBuJdFmowNwbpi7BJ8TNftyUImj/0WQi72jY=
github.com/rivo/uniseg v0.2.0/go.mod h1:J6wj4VEh+S6ZtnVlnTBMWIodfgj8LQOQFoIToxlJtxc=
github.com/russross/blackfriday/v2 v2.1.0/go.mod h1:+Rmxgy9KzJVeS9/2gXHxylqXiyQDYRxCVz55jmeOWTM=
github.com/sahilm/fuzzy v0.1.0 h1:FzWGaw2Opqyu+794ZQ9SYifWv2EIXpwP4q8dY1kDAwI=
github.com/sahilm/fuzzy v0.1.0/go.mod h1:VFvziUEIMCrT6A6tw2RFIXPXXmzXbOsSHF0DOI8ZK9Y=
github.com/spf13/cobra v1.5.0 h1:X+jTBEBqF0bHN+9cSMgmfuvv2VHJ9ezmFNf9Y/XstYU=
github.com/spf13/cobra v1.5.0/go.mod h1:dWXEIy2H428czQCjInthrTRUg7yKbok+2Qi/yBIJoUM=
github.com/spf13/pflag v1.0.5 h1:iy+VFUOCP1a+8yFto/drg2CJ5u0yRoB7fZw3DKv/JXA=
github.com/spf13/pflag v1.0.5/go.mod h1:McXfInJRrz4CZXVZOBLb0bTZqETkiAhM9Iw0y3An2Bg=
github.com/stretchr/objx v0.1.0/go.mod h1:HFkY916IF+rwdDfMAkV7OtwuqBVzrE8GR6GFx+wExME=
golang.org/x/sys v0.0.0-20210124154548-22da62e12c0c/go.mod h1:h1NjWce9XRLGQEsW7wpKNCjG9DtNlClVuFLEZdDNbEs=
golang.org/x/sys v0.0.0-20210615035016-665e8c7367d1/go.mod h1:oPkhp1MJrh7nUepCBck5+mAzfO9JrbApNNgaTdGDITg=
golang.org/x/sys v0.0.0-20210630005230-0f9fa26af87c/go.mod h1:oPkhp1MJrh7nUepCBck5+mAzfO9JrbApNNgaTdGDITg=
golang.org/x/sys v0.0.0-20220204135822-1c1b9b1eba6a/go.mod h1:oPkhp1MJrh7nUepCBck5+mAzfO9JrbApNNgaTdGDITg=
golang.org/x/sys v0.0.0-20220209214540-3681064d5158 h1:rm+CHSpPEEW2IsXUib1ThaHIjuBVZjxNgSKmBLFfD4c=
golang.org/x/sys v0.0.0-20220209214540-3681064d5158/go.mod h1:oPkhp1MJrh7nUepCBck5+mAzfO9JrbApNNgaTdGDITg=
golang.org/x/term v0.0.0-20210927222741-03fcf44c2211 h1:JGgROgKl9N8DuW20oFS5gxc+lE67/N3FcwmBPMe7ArY=
golang.org/x/term v0.0.0-20210927222741-03fcf44c2211/go.mod h1:jbD1KX2456YbFQfuXm/mYQcufACuNUgVhRMnK/tPxf8=
gopkg.in/check.v1 v0.0.0-20161208181325-20d25e280405/go.mod h1:Co6ibVJAznAaIkqp8huTwlJQCZ016jof/cbN4VW5Yz0=
gopkg.in/yaml.v2 v2.2.8/go.mod h1:hI93XBmqTisBFMUTm0b8Fm+jr3Dg1NNxqwp+5A1VGuI=
gopkg.in/yaml.v2 v2.4.0 h1:D8xgwECY7CYvx+Y2n4sBz93Jn9JRvxdiyyo8CTfuKaY=
gopkg.in/yaml.v2 v2.4.0/go.mod h1:RDklbk79AGWmwhnvt/jBztapEOGDOx6ZbXqjP6csGnQ=
